
Microsoft Visual Studio Solution File, Format Version 12.00
# Visual Studio Version 17
VisualStudioVersion = 17.7.34031.279
MinimumVisualStudioVersion = 10.0.40219.1
Project("{FAE04EC0-301F-11D3-BF4B-00C04F79EFBC}") = "ParaBullet", "ParaBullet.csproj", "{EB1C0EF8-D03F-4EBE-9E30-E29659FEA0BB}"
EndProject
Global
	GlobalSection(SolutionConfigurationPlatforms) = preSolution
		Debug|ARM = Debug|ARM
		Debug|ARM64 = Debug|ARM64
		Debug|x64 = Debug|x64
		Debug|x86 = Debug|x86
		Release|ARM = Release|ARM
		Release|ARM64 = Release|ARM64
		Release|x64 = Release|x64
		Release|x86 = Release|x86
	EndGlobalSection
	GlobalSection(ProjectConfigurationPlatforms) = postSolution
		{EB1C0EF8-D03F-4EBE-9E30-E29659FEA0BB}.Debug|ARM.ActiveCfg = Debug|ARM
		{EB1C0EF8-D03F-4EBE-9E30-E29659FEA0BB}.Debug|ARM.Build.0 = Debug|ARM
		{EB1C0EF8-D03F-4EBE-9E30-E29659FEA0BB}.Debug|ARM.Deploy.0 = Debug|ARM
		{EB1C0EF8-D03F-4EBE-9E30-E29659FEA0BB}.Debug|ARM64.ActiveCfg = Debug|ARM64
		{EB1C0EF8-D03F-4EBE-9E30-E29659FEA0BB}.Debug|ARM64.Build.0 = Debug|ARM64
		{EB1C0EF8-D03F-4EBE-9E30-E29659FEA0BB}.Debug|ARM64.Deploy.0 = Debug|ARM64
		{EB1C0EF8-D03F-4EBE-9E30-E29659FEA0BB}.Debug|x64.ActiveCfg = Debug|x64
		{EB1C0EF8-D03F-4EBE-9E30-E29659FEA0BB}.Debug|x64.Build.0 = Debug|x64
		{EB1C0EF8-D03F-4EBE-9E30-E29659FEA0BB}.Debug|x64.Deploy.0 = Debug|x64
		{EB1C0EF8-D03F-4EBE-9E30-E29659FEA0BB}.Debug|x86.ActiveCfg = Debug|x86
		{EB1C0EF8-D03F-4EBE-9E30-E29659FEA0BB}.Debug|x86.Build.0 = Debug|x86
		{EB1C0EF8-D03F-4EBE-9E30-E29659FEA0BB}.Debug|x86.Deploy.0 = Debug|x86
		{EB1C0EF8-D03F-4EBE-9E30-E29659FEA0BB}.Release|ARM.ActiveCfg = Release|ARM
		{EB1C0EF8-D03F-4EBE-9E30-E29659FEA0BB}.Release|ARM.Build.0 = Release|ARM
		{EB1C0EF8-D03F-4EBE-9E30-E29659FEA0BB}.Release|ARM.Deploy.0 = Release|ARM
		{EB1C0EF8-D03F-4EBE-9E30-E29659FEA0BB}.Release|ARM64.ActiveCfg = Release|ARM64
		{EB1C0EF8-D03F-4EBE-9E30-E29659FEA0BB}.Release|ARM64.Build.0 = Release|ARM64
		{EB1C0EF8-D03F-4EBE-9E30-E29659FEA0BB}.Release|ARM64.Deploy.0 = Release|ARM64
		{EB1C0EF8-D03F-4EBE-9E30-E29659FEA0BB}.Release|x64.ActiveCfg = Release|x64
		{EB1C0EF8-D03F-4EBE-9E30-E29659FEA0BB}.Release|x64.Build.0 = Release|x64
		{EB1C0EF8-D03F-4EBE-9E30-E29659FEA0BB}.Release|x64.Deploy.0 = Release|x64
		{EB1C0EF8-D03F-4EBE-9E30-E29659FEA0BB}.Release|x86.ActiveCfg = Release|x86
		{EB1C0EF8-D03F-4EBE-9E30-E29659FEA0BB}.Release|x86.Build.0 = Release|x86
		{EB1C0EF8-D03F-4EBE-9E30-E29659FEA0BB}.Release|x86.Deploy.0 = Release|x86
	EndGlobalSection
	GlobalSection(SolutionProperties) = preSolution
		HideSolutionNode = FALSE
	EndGlobalSection
	GlobalSection(ExtensibilityGlobals) = postSolution
		SolutionGuid = {086340B1-0D9B-4826-969A-CC48B81C62FE}
	EndGlobalSection
EndGlobal
